
Microsoft Visual Studio Solution File, Format Version 12.00
# Visual Studio Version 16
VisualStudioVersion = 16.0.28803.352
MinimumVisualStudioVersion = 10.0.40219.1
Project("{FAE04EC0-301F-11D3-BF4B-00C04F79EFBC}") = "CinematicFilms", "CinematicFilms\CinematicFilms.csproj", "{F874F8F0-AD95-4302-85D3-5C759BE70694}"
EndProject
Global
	GlobalSection(SolutionConfigurationPlatforms) = preSolution
		Debug|Any CPU = Debug|Any CPU
		Release|Any CPU = Release|Any CPU
	EndGlobalSection
	GlobalSection(ProjectConfigurationPlatforms) = postSolution
		{F874F8F0-AD95-4302-85D3-5C759BE70694}.Debug|Any CPU.ActiveCfg = Debug|Any CPU
		{F874F8F0-AD95-4302-85D3-5C759BE70694}.Debug|Any CPU.Build.0 = Debug|Any CPU
		{F874F8F0-AD95-4302-85D3-5C759BE70694}.Release|Any CPU.ActiveCfg = Release|Any CPU
		{F874F8F0-AD95-4302-85D3-5C759BE70694}.Release|Any CPU.Build.0 = Release|Any CPU
	EndGlobalSection
	GlobalSection(SolutionProperties) = preSolution
		HideSolutionNode = FALSE
	EndGlobalSection
	GlobalSection(ExtensibilityGlobals) = postSolution
		SolutionGuid = {DB76A649-4695-44F9-97C7-4F416B683231}
	EndGlobalSection
EndGlobal
